
Microsoft Visual Studio Solution File, Format Version 12.00
# Visual Studio Version 16
VisualStudioVersion = 16.0.31515.178
MinimumVisualStudioVersion = 10.0.40219.1
Project("{9A19103F-16F7-4668-BE54-9A1E7A4F7556}") = "E-Commerce-Shop.WebUI", "E-Commerce-Shop.WebUI\E-Commerce-Shop.WebUI.csproj", "{E97B232B-0B70-4E80-8802-E07A0C11DAA3}"
EndProject
Project("{9A19103F-16F7-4668-BE54-9A1E7A4F7556}") = "E-Commerce-Shop.Services", "E-Commerce-Shop.Services\E-Commerce-Shop.Services.csproj", "{C966A774-426D-4405-83DD-1E93BEF186E5}"
EndProject
Project("{9A19103F-16F7-4668-BE54-9A1E7A4F7556}") = "E-Commerce-Shop.Entity", "E-Commerce-Shop.Entity\E-Commerce-Shop.Entity.csproj", "{2205F983-6210-4AD9-870F-59F719802934}"
EndProject
Project("{9A19103F-16F7-4668-BE54-9A1E7A4F7556}") = "E-Commerce-Shop.DataAccess", "E-Commerce-Shop.DataAccess\E-Commerce-Shop.DataAccess.csproj", "{32E18D5E-43A8-47F9-BFE3-8D8A56BA8727}"
EndProject
Project("{9A19103F-16F7-4668-BE54-9A1E7A4F7556}") = "E-Commerce-Shop.Business", "E-Commerce-Shop.Business\E-Commerce-Shop.Business.csproj", "{1252A259-4D1A-4146-8128-B572A91929E8}"
EndProject
Global
	GlobalSection(SolutionConfigurationPlatforms) = preSolution
		Debug|Any CPU = Debug|Any CPU
		Release|Any CPU = Release|Any CPU
	EndGlobalSection
	GlobalSection(ProjectConfigurationPlatforms) = postSolution
		{E97B232B-0B70-4E80-8802-E07A0C11DAA3}.Debug|Any CPU.ActiveCfg = Debug|Any CPU
		{E97B232B-0B70-4E80-8802-E07A0C11DAA3}.Debug|Any CPU.Build.0 = Debug|Any CPU
		{E97B232B-0B70-4E80-8802-E07A0C11DAA3}.Release|Any CPU.ActiveCfg = Release|Any CPU
		{E97B232B-0B70-4E80-8802-E07A0C11DAA3}.Release|Any CPU.Build.0 = Release|Any CPU
		{C966A774-426D-4405-83DD-1E93BEF186E5}.Debug|Any CPU.ActiveCfg = Debug|Any CPU
		{C966A774-426D-4405-83DD-1E93BEF186E5}.Debug|Any CPU.Build.0 = Debug|Any CPU
		{C966A774-426D-4405-83DD-1E93BEF186E5}.Release|Any CPU.ActiveCfg = Release|Any CPU
		{C966A774-426D-4405-83DD-1E93BEF186E5}.Release|Any CPU.Build.0 = Release|Any CPU
		{2205F983-6210-4AD9-870F-59F719802934}.Debug|Any CPU.ActiveCfg = Debug|Any CPU
		{2205F983-6210-4AD9-870F-59F719802934}.Debug|Any CPU.Build.0 = Debug|Any CPU
		{2205F983-6210-4AD9-870F-59F719802934}.Release|Any CPU.ActiveCfg = Release|Any CPU
		{2205F983-6210-4AD9-870F-59F719802934}.Release|Any CPU.Build.0 = Release|Any CPU
		{32E18D5E-43A8-47F9-BFE3-8D8A56BA8727}.Debug|Any CPU.ActiveCfg = Debug|Any CPU
		{32E18D5E-43A8-47F9-BFE3-8D8A56BA8727}.Debug|Any CPU.Build.0 = Debug|Any CPU
		{32E18D5E-43A8-47F9-BFE3-8D8A56BA8727}.Release|Any CPU.ActiveCfg = Release|Any CPU
		{32E18D5E-43A8-47F9-BFE3-8D8A56BA8727}.Release|Any CPU.Build.0 = Release|Any CPU
		{1252A259-4D1A-4146-8128-B572A91929E8}.Debug|Any CPU.ActiveCfg = Debug|Any CPU
		{1252A259-4D1A-4146-8128-B572A91929E8}.Debug|Any CPU.Build.0 = Debug|Any CPU
		{1252A259-4D1A-4146-8128-B572A91929E8}.Release|Any CPU.ActiveCfg = Release|Any CPU
		{1252A259-4D1A-4146-8128-B572A91929E8}.Release|Any CPU.Build.0 = Release|Any CPU
	EndGlobalSection
	GlobalSection(SolutionProperties) = preSolution
		HideSolutionNode = FALSE
	EndGlobalSection
	GlobalSection(ExtensibilityGlobals) = postSolution
		SolutionGuid = {E86C0A40-7930-41F4-BC69-594AAF6B6B85}
	EndGlobalSection
EndGlobal
